// !$*UTF8*$!
{
	archiveVersion = 1;
	classes = {
	};
	objectVersion = 46;
	objects = {

/* Begin PBXAggregateTarget section */
		ACD696DDF5984994BC11F531 /* ZERO_CHECK */ = {
			isa = PBXAggregateTarget;
			buildConfigurationList = 8B3FAB83DD7B40EE8CAF77CC /* Build configuration list for PBXAggregateTarget "ZERO_CHECK" */;
			buildPhases = (
				E60E5F13E9C24274B70581ED /* CMake Rules */,
			);
			dependencies = (
			);
			name = ZERO_CHECK;
			productName = ZERO_CHECK;
		};
		D4E116542CBD4E4CA53D4D4B /* ALL_BUILD */ = {
			isa = PBXAggregateTarget;
			buildConfigurationList = B4C007CBCCA645ED9E1C75CD /* Build configuration list for PBXAggregateTarget "ALL_BUILD" */;
			buildPhases = (
				0018388692404BAEA6335849 /* CMake Rules */,
			);
			dependencies = (
				FF7625240DC34124B5D40FD7 /* PBXTargetDependency */,
				037CDE98E72948018C1E917F /* PBXTargetDependency */,
			);
			name = ALL_BUILD;
			productName = ALL_BUILD;
		};
/* End PBXAggregateTarget section */

/* Begin PBXBuildFile section */
		30EC55C1E66D4F36A76B8345 /* /Users/zhongming/APP/Udacity-SelfDrvingCar/CarND-PID-Control-Project/CMakeLists.txt */ = {isa = PBXBuildFile; fileRef = 1EDCA7F8BA1740F489F9B310 /* /Users/zhongming/APP/Udacity-SelfDrvingCar/CarND-PID-Control-Project/CMakeLists.txt */; };
		CCCB077BB8A44D879B76F4DE /* /Users/zhongming/APP/Udacity-SelfDrvingCar/CarND-PID-Control-Project/src/main.cpp */ = {isa = PBXBuildFile; fileRef = 093A2C94B3A349D1A936A0E9 /* /Users/zhongming/APP/Udacity-SelfDrvingCar/CarND-PID-Control-Project/src/main.cpp */; };
		F148371DECB049ADA930333A /* /Users/zhongming/APP/Udacity-SelfDrvingCar/CarND-PID-Control-Project/src/PID.cpp */ = {isa = PBXBuildFile; fileRef = C86CC0E2C6954C4D9A44663A /* /Users/zhongming/APP/Udacity-SelfDrvingCar/CarND-PID-Control-Project/src/PID.cpp */; };
/* End PBXBuildFile section */

/* Begin PBXBuildStyle section */
		00BE0A3C15C54CE98A4936C7 /* Debug */ = {
			isa = PBXBuildStyle;
			buildSettings = {
				COPY_PHASE_STRIP = NO;
			};
			name = Debug;
		};
		44FD675991F64B439B775826 = {
			isa = PBXBuildStyle;
		};
		5033F9F16F0D49A496D485F3 /* MinSizeRel */ = {
			isa = PBXBuildStyle;
			buildSettings = {
				COPY_PHASE_STRIP = NO;
			};
			name = MinSizeRel;
		};
		73D5521022F34AAFA4EBB6BE /* RelWithDebInfo */ = {
			isa = PBXBuildStyle;
			buildSettings = {
				COPY_PHASE_STRIP = NO;
			};
			name = RelWithDebInfo;
		};
		EC1B04B0CA8D4CFEBABAB33E /* Release */ = {
			isa = PBXBuildStyle;
			buildSettings = {
				COPY_PHASE_STRIP = NO;
			};
			name = Release;
		};
/* End PBXBuildStyle section */

/* Begin PBXContainerItemProxy section */
		6C8881A6D1464D918C4C8F29 /* PBXContainerItemProxy */ = {
			isa = PBXContainerItemProxy;
			containerPortal = C50A2D7E53EE4EC69E670903 /* Project object */;
			proxyType = 1;
			remoteGlobalIDString = 9DFE7530C89F42F8B71FE35C;
			remoteInfo = pid;
		};
		969462EDCEA44E91990B34E3 /* PBXContainerItemProxy */ = {
			isa = PBXContainerItemProxy;
			containerPortal = C50A2D7E53EE4EC69E670903 /* Project object */;
			proxyType = 1;
			remoteGlobalIDString = ACD696DDF5984994BC11F531;
			remoteInfo = ZERO_CHECK;
		};
		D88C71DEB77B452687CF70DE /* PBXContainerItemProxy */ = {
			isa = PBXContainerItemProxy;
			containerPortal = C50A2D7E53EE4EC69E670903 /* Project object */;
			proxyType = 1;
			remoteGlobalIDString = ACD696DDF5984994BC11F531;
			remoteInfo = ZERO_CHECK;
		};
/* End PBXContainerItemProxy section */

/* Begin PBXFileReference section */
		00178077D06D4C5BB8EF5CF9 /* /Users/zhongming/APP/Udacity-SelfDrvingCar/CarND-PID-Control-Project/CMakeLists.txt */ = {isa = PBXFileReference; explicitFileType = sourcecode.text; fileEncoding = 4; name = CMakeLists.txt; path = CMakeLists.txt; sourceTree = SOURCE_ROOT; };
		093A2C94B3A349D1A936A0E9 /* /Users/zhongming/APP/Udacity-SelfDrvingCar/CarND-PID-Control-Project/src/main.cpp */ = {isa = PBXFileReference; explicitFileType = sourcecode.cpp.cpp; fileEncoding = 4; name = main.cpp; path = src/main.cpp; sourceTree = SOURCE_ROOT; };
		0CF7AB4179BF4E2AADAD845D /* /Users/zhongming/APP/Udacity-SelfDrvingCar/CarND-PID-Control-Project/CMakeLists.txt */ = {isa = PBXFileReference; explicitFileType = sourcecode.text; fileEncoding = 4; name = CMakeLists.txt; path = CMakeLists.txt; sourceTree = SOURCE_ROOT; };
		1EDCA7F8BA1740F489F9B310 /* /Users/zhongming/APP/Udacity-SelfDrvingCar/CarND-PID-Control-Project/CMakeLists.txt */ = {isa = PBXFileReference; explicitFileType = sourcecode.text; fileEncoding = 4; name = CMakeLists.txt; path = CMakeLists.txt; sourceTree = SOURCE_ROOT; };
		8017D208D44E4F449A82217D /* pid */ = {isa = PBXFileReference; explicitFileType = "compiled.mach-o.executable"; path = pid; sourceTree = BUILT_PRODUCTS_DIR; };
		C86CC0E2C6954C4D9A44663A /* /Users/zhongming/APP/Udacity-SelfDrvingCar/CarND-PID-Control-Project/src/PID.cpp */ = {isa = PBXFileReference; explicitFileType = sourcecode.cpp.cpp; fileEncoding = 4; name = PID.cpp; path = src/PID.cpp; sourceTree = SOURCE_ROOT; };
/* End PBXFileReference section */

/* Begin PBXGroup section */
		08B1FD11CCE24F26B758269E /* ZERO_CHECK */ = {
			isa = PBXGroup;
			children = (
				D7773B3B48B24DEFB7C27D76 /* CMake Rules */,
				0CF7AB4179BF4E2AADAD845D /* /Users/zhongming/APP/Udacity-SelfDrvingCar/CarND-PID-Control-Project/CMakeLists.txt */,
			);
			name = ZERO_CHECK;
			sourceTree = "<group>";
		};
		4BF060F61AFA42868C8E5373 /* ALL_BUILD */ = {
			isa = PBXGroup;
			children = (
				C2752108087442AAB64CCA9D /* CMake Rules */,
				00178077D06D4C5BB8EF5CF9 /* /Users/zhongming/APP/Udacity-SelfDrvingCar/CarND-PID-Control-Project/CMakeLists.txt */,
			);
			name = ALL_BUILD;
			sourceTree = "<group>";
		};
		55A3862473BA4259BF9C360A /* Sources */ = {
			isa = PBXGroup;
			children = (
				CD191E47D62A442182ACD018 /* pid */,
				4BF060F61AFA42868C8E5373 /* ALL_BUILD */,
				08B1FD11CCE24F26B758269E /* ZERO_CHECK */,
			);
			name = Sources;
			sourceTree = "<group>";
		};
		58517744255A49039CCC8B16 /* Products */ = {
			isa = PBXGroup;
			children = (
				8017D208D44E4F449A82217D /* pid */,
			);
			name = Products;
			sourceTree = "<group>";
		};
		86356740904B49C1AFE37518 /* Source Files */ = {
			isa = PBXGroup;
			children = (
				C86CC0E2C6954C4D9A44663A /* /Users/zhongming/APP/Udacity-SelfDrvingCar/CarND-PID-Control-Project/src/PID.cpp */,
				093A2C94B3A349D1A936A0E9 /* /Users/zhongming/APP/Udacity-SelfDrvingCar/CarND-PID-Control-Project/src/main.cpp */,
			);
			name = "Source Files";
			sourceTree = "<group>";
		};
		B5AED880FEA74EC5ABCA7BFC /* Resources */ = {
			isa = PBXGroup;
			children = (
			);
			name = Resources;
			sourceTree = "<group>";
		};
		C2752108087442AAB64CCA9D /* CMake Rules */ = {
			isa = PBXGroup;
			children = (
			);
			name = "CMake Rules";
			sourceTree = "<group>";
		};
		CD191E47D62A442182ACD018 /* pid */ = {
			isa = PBXGroup;
			children = (
				86356740904B49C1AFE37518 /* Source Files */,
				1EDCA7F8BA1740F489F9B310 /* /Users/zhongming/APP/Udacity-SelfDrvingCar/CarND-PID-Control-Project/CMakeLists.txt */,
			);
			name = pid;
			sourceTree = "<group>";
		};
		D7773B3B48B24DEFB7C27D76 /* CMake Rules */ = {
			isa = PBXGroup;
			children = (
			);
			name = "CMake Rules";
			sourceTree = "<group>";
		};
		DDFBC98971E046068939618F = {
			isa = PBXGroup;
			children = (
				55A3862473BA4259BF9C360A /* Sources */,
				B5AED880FEA74EC5ABCA7BFC /* Resources */,
				58517744255A49039CCC8B16 /* Products */,
			);
			sourceTree = "<group>";
		};
/* End PBXGroup section */

/* Begin PBXNativeTarget section */
		9DFE7530C89F42F8B71FE35C /* pid */ = {
			isa = PBXNativeTarget;
			buildConfigurationList = F28F78B4653B424CABE2060A /* Build configuration list for PBXNativeTarget "pid" */;
			buildPhases = (
				40E306DA8B4F48AF92D40547 /* Sources */,
			);
			buildRules = (
			);
			dependencies = (
				BF1C8D361F6A4187A1F9CEEA /* PBXTargetDependency */,
			);
			name = pid;
			productName = pid;
			productReference = 8017D208D44E4F449A82217D /* pid */;
			productType = "com.apple.product-type.tool";
		};
/* End PBXNativeTarget section */

/* Begin PBXProject section */
		C50A2D7E53EE4EC69E670903 /* Project object */ = {
			isa = PBXProject;
			attributes = {
				BuildIndependentTargetsInParallel = YES;
				LastUpgradeCheck = 0830;
			};
			buildConfigurationList = 8573538BABB24250B668E4CF /* Build configuration list for PBXProject "PID" */;
			buildSettings = {
			};
			buildStyles = (
				00BE0A3C15C54CE98A4936C7 /* Debug */,
				EC1B04B0CA8D4CFEBABAB33E /* Release */,
				5033F9F16F0D49A496D485F3 /* MinSizeRel */,
				73D5521022F34AAFA4EBB6BE /* RelWithDebInfo */,
			);
			compatibilityVersion = "Xcode 3.2";
			hasScannedForEncodings = 0;
			mainGroup = DDFBC98971E046068939618F;
			projectDirPath = ../../;
			projectRoot = "";
			targets = (
				D4E116542CBD4E4CA53D4D4B /* ALL_BUILD */,
				ACD696DDF5984994BC11F531 /* ZERO_CHECK */,
				9DFE7530C89F42F8B71FE35C /* pid */,
			);
		};
/* End PBXProject section */

/* Begin PBXShellScriptBuildPhase section */
		0018388692404BAEA6335849 /* CMake Rules */ = {
			isa = PBXShellScriptBuildPhase;
			buildActionMask = 2147483647;
			files = (
			);
			name = "CMake Rules";
			runOnlyForDeploymentPostprocessing = 0;
			shellPath = /bin/sh;
			shellScript = "make -C /Users/zhongming/APP/Udacity-SelfDrvingCar/CarND-PID-Control-Project/ide_profiles/xcode -f /Users/zhongming/APP/Udacity-SelfDrvingCar/CarND-PID-Control-Project/ide_profiles/xcode/CMakeScripts/ALL_BUILD_cmakeRulesBuildPhase.make$CONFIGURATION all";
			showEnvVarsInLog = 0;
		};
		1DC6EA4F90DF448FA6D82850 = {
			isa = PBXShellScriptBuildPhase;
			buildActionMask = 2147483647;
			files = (
			);
			inputPaths = (
			);
			outputPaths = (
			);
			runOnlyForDeploymentPostprocessing = 0;
			shellPath = /bin/sh;
			shellScript = "# shell script goes here
exit 0";
			showEnvVarsInLog = 0;
		};
		93548EDD1F6943BEB58523C9 = {
			isa = PBXShellScriptBuildPhase;
			buildActionMask = 2147483647;
			files = (
			);
			inputPaths = (
			);
			outputPaths = (
			);
			runOnlyForDeploymentPostprocessing = 0;
			shellPath = /bin/sh;
			shellScript = "# shell script goes here
exit 0";
			showEnvVarsInLog = 0;
		};
		E60E5F13E9C24274B70581ED /* CMake Rules */ = {
			isa = PBXShellScriptBuildPhase;
			buildActionMask = 2147483647;
			files = (
			);
			name = "CMake Rules";
			runOnlyForDeploymentPostprocessing = 0;
			shellPath = /bin/sh;
			shellScript = "make -C /Users/zhongming/APP/Udacity-SelfDrvingCar/CarND-PID-Control-Project/ide_profiles/xcode -f /Users/zhongming/APP/Udacity-SelfDrvingCar/CarND-PID-Control-Project/ide_profiles/xcode/CMakeScripts/ZERO_CHECK_cmakeRulesBuildPhase.make$CONFIGURATION all";
			showEnvVarsInLog = 0;
		};
/* End PBXShellScriptBuildPhase section */

/* Begin PBXSourcesBuildPhase section */
		40E306DA8B4F48AF92D40547 /* Sources */ = {
			isa = PBXSourcesBuildPhase;
			buildActionMask = 2147483647;
			files = (
				F148371DECB049ADA930333A /* /Users/zhongming/APP/Udacity-SelfDrvingCar/CarND-PID-Control-Project/src/PID.cpp */,
				CCCB077BB8A44D879B76F4DE /* /Users/zhongming/APP/Udacity-SelfDrvingCar/CarND-PID-Control-Project/src/main.cpp */,
			);
			runOnlyForDeploymentPostprocessing = 0;
		};
/* End PBXSourcesBuildPhase section */

/* Begin PBXTargetDependency section */
		037CDE98E72948018C1E917F /* PBXTargetDependency */ = {
			isa = PBXTargetDependency;
			target = 9DFE7530C89F42F8B71FE35C /* pid */;
			targetProxy = 6C8881A6D1464D918C4C8F29 /* PBXContainerItemProxy */;
		};
		BF1C8D361F6A4187A1F9CEEA /* PBXTargetDependency */ = {
			isa = PBXTargetDependency;
			target = ACD696DDF5984994BC11F531 /* ZERO_CHECK */;
			targetProxy = 969462EDCEA44E91990B34E3 /* PBXContainerItemProxy */;
		};
		FF7625240DC34124B5D40FD7 /* PBXTargetDependency */ = {
			isa = PBXTargetDependency;
			target = ACD696DDF5984994BC11F531 /* ZERO_CHECK */;
			targetProxy = D88C71DEB77B452687CF70DE /* PBXContainerItemProxy */;
		};
/* End PBXTargetDependency section */

/* Begin XCBuildConfiguration section */
		0C1F92A3EE614F4492A67013 /* MinSizeRel */ = {
			isa = XCBuildConfiguration;
			buildSettings = {
				COMBINE_HIDPI_IMAGES = YES;
				EXECUTABLE_PREFIX = "";
				EXECUTABLE_SUFFIX = "";
				GCC_GENERATE_DEBUGGING_SYMBOLS = NO;
				GCC_INLINES_ARE_PRIVATE_EXTERN = NO;
				GCC_OPTIMIZATION_LEVEL = s;
				GCC_PREPROCESSOR_DEFINITIONS = ("'CMAKE_INTDIR=\"$(CONFIGURATION)$(EFFECTIVE_PLATFORM_NAME)\"'");
				GCC_SYMBOLS_PRIVATE_EXTERN = NO;
				HEADER_SEARCH_PATHS = (/usr/local/include,/usr/local/opt/openssl/include);
				INSTALL_PATH = "";
				LD_RUNPATH_SEARCH_PATHS = "/usr/local/lib /usr/local/opt/openssl/lib /usr/local/Cellar/libuv/1.11.0/lib";
				LIBRARY_SEARCH_PATHS = " /usr/local/lib/$(CONFIGURATION)$(EFFECTIVE_PLATFORM_NAME) /usr/local/lib /usr/local/opt/openssl/lib/$(CONFIGURATION)$(EFFECTIVE_PLATFORM_NAME) /usr/local/opt/openssl/lib /usr/local/Cellar/libuv/1.11.0/lib/$(CONFIGURATION)$(EFFECTIVE_PLATFORM_NAME) /usr/local/Cellar/libuv/1.11.0/lib";
				OTHER_CPLUSPLUSFLAGS = "    -DNDEBUG -I/usr/local/include -I/usr/local/opt/openssl/include    -std=c++11";
				OTHER_LDFLAGS = " -Wl,-search_paths_first -Wl,-headerpad_max_install_names  -lz -lssl -luv -luWS";
				OTHER_REZFLAGS = "";
				PRODUCT_NAME = pid;
				SECTORDER_FLAGS = "";
				SYMROOT = "/Users/zhongming/APP/Udacity-SelfDrvingCar/CarND-PID-Control-Project/ide_profiles/xcode";
				USE_HEADERMAP = NO;
				WARNING_CFLAGS = ("-Wmost","-Wno-four-char-constants","-Wno-unknown-pragmas","$(inherited)");
			};
			name = MinSizeRel;
		};
		4564376795254AF89E495016 /* Debug */ = {
			isa = XCBuildConfiguration;
			buildSettings = {
				COMBINE_HIDPI_IMAGES = YES;
				GCC_GENERATE_DEBUGGING_SYMBOLS = YES;
				GCC_INLINES_ARE_PRIVATE_EXTERN = NO;
				GCC_OPTIMIZATION_LEVEL = 0;
				GCC_PREPROCESSOR_DEFINITIONS = ("'CMAKE_INTDIR=\"$(CONFIGURATION)$(EFFECTIVE_PLATFORM_NAME)\"'");
				GCC_SYMBOLS_PRIVATE_EXTERN = NO;
				HEADER_SEARCH_PATHS = (/usr/local/include,/usr/local/opt/openssl/include);
				INSTALL_PATH = "";
				OTHER_LDFLAGS = " ";
				OTHER_REZFLAGS = "";
				PRODUCT_NAME = ALL_BUILD;
				SECTORDER_FLAGS = "";
				SYMROOT = "/Users/zhongming/APP/Udacity-SelfDrvingCar/CarND-PID-Control-Project/ide_profiles/xcode";
				USE_HEADERMAP = NO;
				WARNING_CFLAGS = ("-Wmost","-Wno-four-char-constants","-Wno-unknown-pragmas","$(inherited)");
			};
			name = Debug;
		};
		461644A9F1CB475B8F164BE2 /* Debug */ = {
			isa = XCBuildConfiguration;
			buildSettings = {
				ONLY_ACTIVE_ARCH = YES;
				SDKROOT = /Applications/Xcode.app/Contents/Developer/Platforms/MacOSX.platform/Developer/SDKs/MacOSX10.12.sdk;
				SYMROOT = "/Users/zhongming/APP/Udacity-SelfDrvingCar/CarND-PID-Control-Project/ide_profiles/xcode/build";
			};
			name = Debug;
		};
		5244850E01EC4FBDBFBCA9B7 /* RelWithDebInfo */ = {
			isa = XCBuildConfiguration;
			buildSettings = {
				ONLY_ACTIVE_ARCH = YES;
				SDKROOT = /Applications/Xcode.app/Contents/Developer/Platforms/MacOSX.platform/Developer/SDKs/MacOSX10.12.sdk;
				SYMROOT = "/Users/zhongming/APP/Udacity-SelfDrvingCar/CarND-PID-Control-Project/ide_profiles/xcode/build";
			};
			name = RelWithDebInfo;
		};
		5BDD59B77D7E4CD9A8BA2C55 /* Release */ = {
			isa = XCBuildConfiguration;
			buildSettings = {
				COMBINE_HIDPI_IMAGES = YES;
				EXECUTABLE_PREFIX = "";
				EXECUTABLE_SUFFIX = "";
				GCC_GENERATE_DEBUGGING_SYMBOLS = NO;
				GCC_INLINES_ARE_PRIVATE_EXTERN = NO;
				GCC_OPTIMIZATION_LEVEL = 3;
				GCC_PREPROCESSOR_DEFINITIONS = ("'CMAKE_INTDIR=\"$(CONFIGURATION)$(EFFECTIVE_PLATFORM_NAME)\"'");
				GCC_SYMBOLS_PRIVATE_EXTERN = NO;
				HEADER_SEARCH_PATHS = (/usr/local/include,/usr/local/opt/openssl/include);
				INSTALL_PATH = "";
				LD_RUNPATH_SEARCH_PATHS = "/usr/local/lib /usr/local/opt/openssl/lib /usr/local/Cellar/libuv/1.11.0/lib";
				LIBRARY_SEARCH_PATHS = " /usr/local/lib/$(CONFIGURATION)$(EFFECTIVE_PLATFORM_NAME) /usr/local/lib /usr/local/opt/openssl/lib/$(CONFIGURATION)$(EFFECTIVE_PLATFORM_NAME) /usr/local/opt/openssl/lib /usr/local/Cellar/libuv/1.11.0/lib/$(CONFIGURATION)$(EFFECTIVE_PLATFORM_NAME) /usr/local/Cellar/libuv/1.11.0/lib";
				OTHER_CPLUSPLUSFLAGS = "    -DNDEBUG -I/usr/local/include -I/usr/local/opt/openssl/include    -std=c++11";
				OTHER_LDFLAGS = " -Wl,-search_paths_first -Wl,-headerpad_max_install_names  -lz -lssl -luv -luWS";
				OTHER_REZFLAGS = "";
				PRODUCT_NAME = pid;
				SECTORDER_FLAGS = "";
				SYMROOT = "/Users/zhongming/APP/Udacity-SelfDrvingCar/CarND-PID-Control-Project/ide_profiles/xcode";
				USE_HEADERMAP = NO;
				WARNING_CFLAGS = ("-Wmost","-Wno-four-char-constants","-Wno-unknown-pragmas","$(inherited)");
			};
			name = Release;
		};
		6623A18BD3F64993B9E0AC7B /* Release */ = {
			isa = XCBuildConfiguration;
			buildSettings = {
				ONLY_ACTIVE_ARCH = YES;
				SDKROOT = /Applications/Xcode.app/Contents/Developer/Platforms/MacOSX.platform/Developer/SDKs/MacOSX10.12.sdk;
				SYMROOT = "/Users/zhongming/APP/Udacity-SelfDrvingCar/CarND-PID-Control-Project/ide_profiles/xcode/build";
			};
			name = Release;
		};
		76DCECA88F1142C19C898BCF /* MinSizeRel */ = {
			isa = XCBuildConfiguration;
			buildSettings = {
				ONLY_ACTIVE_ARCH = YES;
				SDKROOT = /Applications/Xcode.app/Contents/Developer/Platforms/MacOSX.platform/Developer/SDKs/MacOSX10.12.sdk;
				SYMROOT = "/Users/zhongming/APP/Udacity-SelfDrvingCar/CarND-PID-Control-Project/ide_profiles/xcode/build";
			};
			name = MinSizeRel;
		};
		8E88179D239D43C4BDF4C8EC /* RelWithDebInfo */ = {
			isa = XCBuildConfiguration;
			buildSettings = {
				COMBINE_HIDPI_IMAGES = YES;
				GCC_GENERATE_DEBUGGING_SYMBOLS = YES;
				GCC_INLINES_ARE_PRIVATE_EXTERN = NO;
				GCC_OPTIMIZATION_LEVEL = 0;
				GCC_PREPROCESSOR_DEFINITIONS = ("'CMAKE_INTDIR=\"$(CONFIGURATION)$(EFFECTIVE_PLATFORM_NAME)\"'");
				GCC_SYMBOLS_PRIVATE_EXTERN = NO;
				HEADER_SEARCH_PATHS = (/usr/local/include,/usr/local/opt/openssl/include);
				INSTALL_PATH = "";
				OTHER_LDFLAGS = " ";
				OTHER_REZFLAGS = "";
				PRODUCT_NAME = ALL_BUILD;
				SECTORDER_FLAGS = "";
				SYMROOT = "/Users/zhongming/APP/Udacity-SelfDrvingCar/CarND-PID-Control-Project/ide_profiles/xcode";
				USE_HEADERMAP = NO;
				WARNING_CFLAGS = ("-Wmost","-Wno-four-char-constants","-Wno-unknown-pragmas","$(inherited)");
			};
			name = RelWithDebInfo;
		};
		8EF3605432C7431EAC236CEC /* RelWithDebInfo */ = {
			isa = XCBuildConfiguration;
			buildSettings = {
				COMBINE_HIDPI_IMAGES = YES;
				GCC_GENERATE_DEBUGGING_SYMBOLS = YES;
				GCC_INLINES_ARE_PRIVATE_EXTERN = NO;
				GCC_OPTIMIZATION_LEVEL = 0;
				GCC_PREPROCESSOR_DEFINITIONS = ("'CMAKE_INTDIR=\"$(CONFIGURATION)$(EFFECTIVE_PLATFORM_NAME)\"'");
				GCC_SYMBOLS_PRIVATE_EXTERN = NO;
				HEADER_SEARCH_PATHS = (/usr/local/include,/usr/local/opt/openssl/include);
				INSTALL_PATH = "";
				OTHER_LDFLAGS = " ";
				OTHER_REZFLAGS = "";
				PRODUCT_NAME = ZERO_CHECK;
				SECTORDER_FLAGS = "";
				SYMROOT = "/Users/zhongming/APP/Udacity-SelfDrvingCar/CarND-PID-Control-Project/ide_profiles/xcode";
				USE_HEADERMAP = NO;
				WARNING_CFLAGS = ("-Wmost","-Wno-four-char-constants","-Wno-unknown-pragmas","$(inherited)");
			};
			name = RelWithDebInfo;
		};
		90715474EAAF41D9B072CB83 /* RelWithDebInfo */ = {
			isa = XCBuildConfiguration;
			buildSettings = {
				COMBINE_HIDPI_IMAGES = YES;
				EXECUTABLE_PREFIX = "";
				EXECUTABLE_SUFFIX = "";
				GCC_GENERATE_DEBUGGING_SYMBOLS = YES;
				GCC_INLINES_ARE_PRIVATE_EXTERN = NO;
				GCC_OPTIMIZATION_LEVEL = 2;
				GCC_PREPROCESSOR_DEFINITIONS = ("'CMAKE_INTDIR=\"$(CONFIGURATION)$(EFFECTIVE_PLATFORM_NAME)\"'");
				GCC_SYMBOLS_PRIVATE_EXTERN = NO;
				HEADER_SEARCH_PATHS = (/usr/local/include,/usr/local/opt/openssl/include);
				INSTALL_PATH = "";
				LD_RUNPATH_SEARCH_PATHS = "/usr/local/lib /usr/local/opt/openssl/lib /usr/local/Cellar/libuv/1.11.0/lib";
				LIBRARY_SEARCH_PATHS = " /usr/local/lib/$(CONFIGURATION)$(EFFECTIVE_PLATFORM_NAME) /usr/local/lib /usr/local/opt/openssl/lib/$(CONFIGURATION)$(EFFECTIVE_PLATFORM_NAME) /usr/local/opt/openssl/lib /usr/local/Cellar/libuv/1.11.0/lib/$(CONFIGURATION)$(EFFECTIVE_PLATFORM_NAME) /usr/local/Cellar/libuv/1.11.0/lib";
				OTHER_CPLUSPLUSFLAGS = "       -DNDEBUG -I/usr/local/include -I/usr/local/opt/openssl/include    -std=c++11";
				OTHER_LDFLAGS = " -Wl,-search_paths_first -Wl,-headerpad_max_install_names  -lz -lssl -luv -luWS";
				OTHER_REZFLAGS = "";
				PRODUCT_NAME = pid;
				SECTORDER_FLAGS = "";
				SYMROOT = "/Users/zhongming/APP/Udacity-SelfDrvingCar/CarND-PID-Control-Project/ide_profiles/xcode";
				USE_HEADERMAP = NO;
				WARNING_CFLAGS = ("-Wmost","-Wno-four-char-constants","-Wno-unknown-pragmas","$(inherited)");
			};
			name = RelWithDebInfo;
		};
		9BF7178441F8481EB0FB13A4 /* Debug */ = {
			isa = XCBuildConfiguration;
			buildSettings = {
				COMBINE_HIDPI_IMAGES = YES;
				EXECUTABLE_PREFIX = "";
				EXECUTABLE_SUFFIX = "";
				GCC_GENERATE_DEBUGGING_SYMBOLS = YES;
				GCC_INLINES_ARE_PRIVATE_EXTERN = NO;
				GCC_OPTIMIZATION_LEVEL = 0;
				GCC_PREPROCESSOR_DEFINITIONS = ("'CMAKE_INTDIR=\"$(CONFIGURATION)$(EFFECTIVE_PLATFORM_NAME)\"'");
				GCC_SYMBOLS_PRIVATE_EXTERN = NO;
				HEADER_SEARCH_PATHS = (/usr/local/include,/usr/local/opt/openssl/include);
				INSTALL_PATH = "";
				LD_RUNPATH_SEARCH_PATHS = "/usr/local/lib /usr/local/opt/openssl/lib /usr/local/Cellar/libuv/1.11.0/lib";
				LIBRARY_SEARCH_PATHS = " /usr/local/lib/$(CONFIGURATION)$(EFFECTIVE_PLATFORM_NAME) /usr/local/lib /usr/local/opt/openssl/lib/$(CONFIGURATION)$(EFFECTIVE_PLATFORM_NAME) /usr/local/opt/openssl/lib /usr/local/Cellar/libuv/1.11.0/lib/$(CONFIGURATION)$(EFFECTIVE_PLATFORM_NAME) /usr/local/Cellar/libuv/1.11.0/lib";
				OTHER_CPLUSPLUSFLAGS = "   -I/usr/local/include -I/usr/local/opt/openssl/include    -std=c++11";
				OTHER_LDFLAGS = " -Wl,-search_paths_first -Wl,-headerpad_max_install_names  -lz -lssl -luv -luWS";
				OTHER_REZFLAGS = "";
				PRODUCT_NAME = pid;
				SECTORDER_FLAGS = "";
				SYMROOT = "/Users/zhongming/APP/Udacity-SelfDrvingCar/CarND-PID-Control-Project/ide_profiles/xcode";
				USE_HEADERMAP = NO;
				WARNING_CFLAGS = ("-Wmost","-Wno-four-char-constants","-Wno-unknown-pragmas","$(inherited)");
			};
			name = Debug;
		};
		A33C19648F944A718B24234D /* MinSizeRel */ = {
			isa = XCBuildConfiguration;
			buildSettings = {
				COMBINE_HIDPI_IMAGES = YES;
				GCC_GENERATE_DEBUGGING_SYMBOLS = YES;
				GCC_INLINES_ARE_PRIVATE_EXTERN = NO;
				GCC_OPTIMIZATION_LEVEL = 0;
				GCC_PREPROCESSOR_DEFINITIONS = ("'CMAKE_INTDIR=\"$(CONFIGURATION)$(EFFECTIVE_PLATFORM_NAME)\"'");
				GCC_SYMBOLS_PRIVATE_EXTERN = NO;
				HEADER_SEARCH_PATHS = (/usr/local/include,/usr/local/opt/openssl/include);
				INSTALL_PATH = "";
				OTHER_LDFLAGS = " ";
				OTHER_REZFLAGS = "";
				PRODUCT_NAME = ZERO_CHECK;
				SECTORDER_FLAGS = "";
				SYMROOT = "/Users/zhongming/APP/Udacity-SelfDrvingCar/CarND-PID-Control-Project/ide_profiles/xcode";
				USE_HEADERMAP = NO;
				WARNING_CFLAGS = ("-Wmost","-Wno-four-char-constants","-Wno-unknown-pragmas","$(inherited)");
			};
			name = MinSizeRel;
		};
		A73FBC006BE54F15AFF8C265 /* Release */ = {
			isa = XCBuildConfiguration;
			buildSettings = {
				COMBINE_HIDPI_IMAGES = YES;
				GCC_GENERATE_DEBUGGING_SYMBOLS = YES;
				GCC_INLINES_ARE_PRIVATE_EXTERN = NO;
				GCC_OPTIMIZATION_LEVEL = 0;
				GCC_PREPROCESSOR_DEFINITIONS = ("'CMAKE_INTDIR=\"$(CONFIGURATION)$(EFFECTIVE_PLATFORM_NAME)\"'");
				GCC_SYMBOLS_PRIVATE_EXTERN = NO;
				HEADER_SEARCH_PATHS = (/usr/local/include,/usr/local/opt/openssl/include);
				INSTALL_PATH = "";
				OTHER_LDFLAGS = " ";
				OTHER_REZFLAGS = "";
				PRODUCT_NAME = ZERO_CHECK;
				SECTORDER_FLAGS = "";
				SYMROOT = "/Users/zhongming/APP/Udacity-SelfDrvingCar/CarND-PID-Control-Project/ide_profiles/xcode";
				USE_HEADERMAP = NO;
				WARNING_CFLAGS = ("-Wmost","-Wno-four-char-constants","-Wno-unknown-pragmas","$(inherited)");
			};
			name = Release;
		};
		D12F47DF22F64D29850C19E7 /* MinSizeRel */ = {
			isa = XCBuildConfiguration;
			buildSettings = {
				COMBINE_HIDPI_IMAGES = YES;
				GCC_GENERATE_DEBUGGING_SYMBOLS = YES;
				GCC_INLINES_ARE_PRIVATE_EXTERN = NO;
				GCC_OPTIMIZATION_LEVEL = 0;
				GCC_PREPROCESSOR_DEFINITIONS = ("'CMAKE_INTDIR=\"$(CONFIGURATION)$(EFFECTIVE_PLATFORM_NAME)\"'");
				GCC_SYMBOLS_PRIVATE_EXTERN = NO;
				HEADER_SEARCH_PATHS = (/usr/local/include,/usr/local/opt/openssl/include);
				INSTALL_PATH = "";
				OTHER_LDFLAGS = " ";
				OTHER_REZFLAGS = "";
				PRODUCT_NAME = ALL_BUILD;
				SECTORDER_FLAGS = "";
				SYMROOT = "/Users/zhongming/APP/Udacity-SelfDrvingCar/CarND-PID-Control-Project/ide_profiles/xcode";
				USE_HEADERMAP = NO;
				WARNING_CFLAGS = ("-Wmost","-Wno-four-char-constants","-Wno-unknown-pragmas","$(inherited)");
			};
			name = MinSizeRel;
		};
		DCFA6F644004424D86A971F3 /* Debug */ = {
			isa = XCBuildConfiguration;
			buildSettings = {
				COMBINE_HIDPI_IMAGES = YES;
				GCC_GENERATE_DEBUGGING_SYMBOLS = YES;
				GCC_INLINES_ARE_PRIVATE_EXTERN = NO;
				GCC_OPTIMIZATION_LEVEL = 0;
				GCC_PREPROCESSOR_DEFINITIONS = ("'CMAKE_INTDIR=\"$(CONFIGURATION)$(EFFECTIVE_PLATFORM_NAME)\"'");
				GCC_SYMBOLS_PRIVATE_EXTERN = NO;
				HEADER_SEARCH_PATHS = (/usr/local/include,/usr/local/opt/openssl/include);
				INSTALL_PATH = "";
				OTHER_LDFLAGS = " ";
				OTHER_REZFLAGS = "";
				PRODUCT_NAME = ZERO_CHECK;
				SECTORDER_FLAGS = "";
				SYMROOT = "/Users/zhongming/APP/Udacity-SelfDrvingCar/CarND-PID-Control-Project/ide_profiles/xcode";
				USE_HEADERMAP = NO;
				WARNING_CFLAGS = ("-Wmost","-Wno-four-char-constants","-Wno-unknown-pragmas","$(inherited)");
			};
			name = Debug;
		};
		FAF21E7A41B5450986BF9DD4 /* Release */ = {
			isa = XCBuildConfiguration;
			buildSettings = {
				COMBINE_HIDPI_IMAGES = YES;
				GCC_GENERATE_DEBUGGING_SYMBOLS = YES;
				GCC_INLINES_ARE_PRIVATE_EXTERN = NO;
				GCC_OPTIMIZATION_LEVEL = 0;
				GCC_PREPROCESSOR_DEFINITIONS = ("'CMAKE_INTDIR=\"$(CONFIGURATION)$(EFFECTIVE_PLATFORM_NAME)\"'");
				GCC_SYMBOLS_PRIVATE_EXTERN = NO;
				HEADER_SEARCH_PATHS = (/usr/local/include,/usr/local/opt/openssl/include);
				INSTALL_PATH = "";
				OTHER_LDFLAGS = " ";
				OTHER_REZFLAGS = "";
				PRODUCT_NAME = ALL_BUILD;
				SECTORDER_FLAGS = "";
				SYMROOT = "/Users/zhongming/APP/Udacity-SelfDrvingCar/CarND-PID-Control-Project/ide_profiles/xcode";
				USE_HEADERMAP = NO;
				WARNING_CFLAGS = ("-Wmost","-Wno-four-char-constants","-Wno-unknown-pragmas","$(inherited)");
			};
			name = Release;
		};
/* End XCBuildConfiguration section */

/* Begin XCConfigurationList section */
		8573538BABB24250B668E4CF /* Build configuration list for PBXProject "PID" */ = {
			isa = XCConfigurationList;
			buildConfigurations = (
				461644A9F1CB475B8F164BE2 /* Debug */,
				6623A18BD3F64993B9E0AC7B /* Release */,
				76DCECA88F1142C19C898BCF /* MinSizeRel */,
				5244850E01EC4FBDBFBCA9B7 /* RelWithDebInfo */,
			);
			defaultConfigurationIsVisible = 0;
			defaultConfigurationName = Debug;
		};
		8B3FAB83DD7B40EE8CAF77CC /* Build configuration list for PBXAggregateTarget "ZERO_CHECK" */ = {
			isa = XCConfigurationList;
			buildConfigurations = (
				DCFA6F644004424D86A971F3 /* Debug */,
				A73FBC006BE54F15AFF8C265 /* Release */,
				A33C19648F944A718B24234D /* MinSizeRel */,
				8EF3605432C7431EAC236CEC /* RelWithDebInfo */,
			);
			defaultConfigurationIsVisible = 0;
			defaultConfigurationName = Debug;
		};
		B4C007CBCCA645ED9E1C75CD /* Build configuration list for PBXAggregateTarget "ALL_BUILD" */ = {
			isa = XCConfigurationList;
			buildConfigurations = (
				4564376795254AF89E495016 /* Debug */,
				FAF21E7A41B5450986BF9DD4 /* Release */,
				D12F47DF22F64D29850C19E7 /* MinSizeRel */,
				8E88179D239D43C4BDF4C8EC /* RelWithDebInfo */,
			);
			defaultConfigurationIsVisible = 0;
			defaultConfigurationName = Debug;
		};
		F28F78B4653B424CABE2060A /* Build configuration list for PBXNativeTarget "pid" */ = {
			isa = XCConfigurationList;
			buildConfigurations = (
				9BF7178441F8481EB0FB13A4 /* Debug */,
				5BDD59B77D7E4CD9A8BA2C55 /* Release */,
				0C1F92A3EE614F4492A67013 /* MinSizeRel */,
				90715474EAAF41D9B072CB83 /* RelWithDebInfo */,
			);
			defaultConfigurationIsVisible = 0;
			defaultConfigurationName = Debug;
		};
/* End XCConfigurationList section */
	};
	rootObject = C50A2D7E53EE4EC69E670903 /* Project object */;
}
